
Microsoft Visual Studio Solution File, Format Version 12.00
# Visual Studio 15
Project("{FAE04EC0-301F-11D3-BF4B-00C04F79EFBC}") = "Assembly-CSharp", "Assembly-CSharp.csproj", "{4D4276FC-CC43-1262-FF09-89DFF6B67860}"
EndProject
Project("{FAE04EC0-301F-11D3-BF4B-00C04F79EFBC}") = "Assembly-CSharp-firstpass", "Assembly-CSharp-firstpass.csproj", "{D5F58C4B-0BEA-44AE-F70D-5BE68A9A248D}"
EndProject
Global
	GlobalSection(SolutionConfigurationPlatforms) = preSolution
		Debug|Any CPU = Debug|Any CPU
		Release|Any CPU = Release|Any CPU
	EndGlobalSection
	GlobalSection(ProjectConfigurationPlatforms) = postSolution
		{4D4276FC-CC43-1262-FF09-89DFF6B67860}.Debug|Any CPU.ActiveCfg = Debug|Any CPU
		{4D4276FC-CC43-1262-FF09-89DFF6B67860}.Debug|Any CPU.Build.0 = Debug|Any CPU
		{4D4276FC-CC43-1262-FF09-89DFF6B67860}.Release|Any CPU.ActiveCfg = Release|Any CPU
		{4D4276FC-CC43-1262-FF09-89DFF6B67860}.Release|Any CPU.Build.0 = Release|Any CPU
		{D5F58C4B-0BEA-44AE-F70D-5BE68A9A248D}.Debug|Any CPU.ActiveCfg = Debug|Any CPU
		{D5F58C4B-0BEA-44AE-F70D-5BE68A9A248D}.Debug|Any CPU.Build.0 = Debug|Any CPU
		{D5F58C4B-0BEA-44AE-F70D-5BE68A9A248D}.Release|Any CPU.ActiveCfg = Release|Any CPU
		{D5F58C4B-0BEA-44AE-F70D-5BE68A9A248D}.Release|Any CPU.Build.0 = Release|Any CPU
	EndGlobalSection
	GlobalSection(SolutionProperties) = preSolution
		HideSolutionNode = FALSE
	EndGlobalSection
EndGlobal
